
Microsoft Visual Studio Solution File, Format Version 12.00
# Visual Studio Version 17
VisualStudioVersion = 17.11.35327.3
MinimumVisualStudioVersion = 10.0.40219.1
Project("{FAE04EC0-301F-11D3-BF4B-00C04F79EFBC}") = "ICA2 Jonathan Le", "ICA2 Jonathan Le.csproj", "{6305D1F1-59B5-4B92-B161-85FB7134B9E0}"
EndProject
Global
	GlobalSection(SolutionConfigurationPlatforms) = preSolution
		Debug|Any CPU = Debug|Any CPU
		Release|Any CPU = Release|Any CPU
	EndGlobalSection
	GlobalSection(ProjectConfigurationPlatforms) = postSolution
		{6305D1F1-59B5-4B92-B161-85FB7134B9E0}.Debug|Any CPU.ActiveCfg = Debug|Any CPU
		{6305D1F1-59B5-4B92-B161-85FB7134B9E0}.Debug|Any CPU.Build.0 = Debug|Any CPU
		{6305D1F1-59B5-4B92-B161-85FB7134B9E0}.Release|Any CPU.ActiveCfg = Release|Any CPU
		{6305D1F1-59B5-4B92-B161-85FB7134B9E0}.Release|Any CPU.Build.0 = Release|Any CPU
	EndGlobalSection
	GlobalSection(SolutionProperties) = preSolution
		HideSolutionNode = FALSE
	EndGlobalSection
	GlobalSection(ExtensibilityGlobals) = postSolution
		SolutionGuid = {E19ABDB6-E15E-430F-B380-E0030FAE5A21}
	EndGlobalSection
EndGlobal
